
Microsoft Visual Studio Solution File, Format Version 12.00
# Visual Studio Version 16
VisualStudioVersion = 16.0.29926.136
MinimumVisualStudioVersion = 10.0.40219.1
Project("{FAE04EC0-301F-11D3-BF4B-00C04F79EFBC}") = "UserWebApplication", "UserWebApplication\UserWebApplication.csproj", "{C8BC0A60-15C3-4A80-9D73-6E659152D9D6}"
EndProject
Global
	GlobalSection(SolutionConfigurationPlatforms) = preSolution
		Debug|Any CPU = Debug|Any CPU
		Release|Any CPU = Release|Any CPU
	EndGlobalSection
	GlobalSection(ProjectConfigurationPlatforms) = postSolution
		{C8BC0A60-15C3-4A80-9D73-6E659152D9D6}.Debug|Any CPU.ActiveCfg = Debug|Any CPU
		{C8BC0A60-15C3-4A80-9D73-6E659152D9D6}.Debug|Any CPU.Build.0 = Debug|Any CPU
		{C8BC0A60-15C3-4A80-9D73-6E659152D9D6}.Release|Any CPU.ActiveCfg = Release|Any CPU
		{C8BC0A60-15C3-4A80-9D73-6E659152D9D6}.Release|Any CPU.Build.0 = Release|Any CPU
	EndGlobalSection
	GlobalSection(SolutionProperties) = preSolution
		HideSolutionNode = FALSE
	EndGlobalSection
	GlobalSection(ExtensibilityGlobals) = postSolution
		SolutionGuid = {1939F6FC-C09C-451C-A883-FDDB1EBF7C8B}
	EndGlobalSection
EndGlobal
